
Microsoft Visual Studio Solution File, Format Version 12.00
# Visual Studio 14
VisualStudioVersion = 14.0.25420.1
MinimumVisualStudioVersion = 10.0.40219.1
Project("{FAE04EC0-301F-11D3-BF4B-00C04F79EFBC}") = "Qiita", "Qiita\Qiita\Qiita.csproj", "{AA740E73-C7BC-45E5-ABDF-B454D8B22C15}"
EndProject
Project("{FAE04EC0-301F-11D3-BF4B-00C04F79EFBC}") = "Qiita.Droid", "Qiita\Qiita.Droid\Qiita.Droid.csproj", "{704394A6-678E-495C-81D3-EF9152D61435}"
EndProject
Project("{FAE04EC0-301F-11D3-BF4B-00C04F79EFBC}") = "Qiita.iOS", "Qiita\Qiita.iOS\Qiita.iOS.csproj", "{0A1E3F7E-AD7C-47B2-A5F0-1EB23B3598E2}"
EndProject
Project("{FAE04EC0-301F-11D3-BF4B-00C04F79EFBC}") = "Qiita.WinPhone", "Qiita\Qiita.WinPhone\Qiita.WinPhone.csproj", "{27D5B038-64AF-4334-B60E-8D94AA9ACFDD}"
EndProject
Project("{FAE04EC0-301F-11D3-BF4B-00C04F79EFBC}") = "Qiita.UWP", "Qiita\Qiita.UWP\Qiita.UWP.csproj", "{0D7F7DEE-4D33-460A-9255-5452102F5C13}"
EndProject
Project("{FAE04EC0-301F-11D3-BF4B-00C04F79EFBC}") = "Qiita.Windows", "Qiita\Qiita.Windows\Qiita.Windows.csproj", "{C031E0EC-FBCD-4152-B3E3-7AB29A5680D0}"
EndProject
Global
	GlobalSection(SolutionConfigurationPlatforms) = preSolution
		Ad-Hoc|Any CPU = Ad-Hoc|Any CPU
		Ad-Hoc|ARM = Ad-Hoc|ARM
		Ad-Hoc|iPhone = Ad-Hoc|iPhone
		Ad-Hoc|iPhoneSimulator = Ad-Hoc|iPhoneSimulator
		Ad-Hoc|x64 = Ad-Hoc|x64
		Ad-Hoc|x86 = Ad-Hoc|x86
		AppStore|Any CPU = AppStore|Any CPU
		AppStore|ARM = AppStore|ARM
		AppStore|iPhone = AppStore|iPhone
		AppStore|iPhoneSimulator = AppStore|iPhoneSimulator
		AppStore|x64 = AppStore|x64
		AppStore|x86 = AppStore|x86
		Debug|Any CPU = Debug|Any CPU
		Debug|ARM = Debug|ARM
		Debug|iPhone = Debug|iPhone
		Debug|iPhoneSimulator = Debug|iPhoneSimulator
		Debug|x64 = Debug|x64
		Debug|x86 = Debug|x86
		Release|Any CPU = Release|Any CPU
		Release|ARM = Release|ARM
		Release|iPhone = Release|iPhone
		Release|iPhoneSimulator = Release|iPhoneSimulator
		Release|x64 = Release|x64
		Release|x86 = Release|x86
	EndGlobalSection
	GlobalSection(ProjectConfigurationPlatforms) = postSolution
		{AA740E73-C7BC-45E5-ABDF-B454D8B22C15}.Ad-Hoc|Any CPU.ActiveCfg = Release|Any CPU
		{AA740E73-C7BC-45E5-ABDF-B454D8B22C15}.Ad-Hoc|Any CPU.Build.0 = Release|Any CPU
		{AA740E73-C7BC-45E5-ABDF-B454D8B22C15}.Ad-Hoc|ARM.ActiveCfg = Release|Any CPU
		{AA740E73-C7BC-45E5-ABDF-B454D8B22C15}.Ad-Hoc|ARM.Build.0 = Release|Any CPU
		{AA740E73-C7BC-45E5-ABDF-B454D8B22C15}.Ad-Hoc|iPhone.ActiveCfg = Release|Any CPU
		{AA740E73-C7BC-45E5-ABDF-B454D8B22C15}.Ad-Hoc|iPhone.Build.0 = Release|Any CPU
		{AA740E73-C7BC-45E5-ABDF-B454D8B22C15}.Ad-Hoc|iPhoneSimulator.ActiveCfg = Release|Any CPU
		{AA740E73-C7BC-45E5-ABDF-B454D8B22C15}.Ad-Hoc|iPhoneSimulator.Build.0 = Release|Any CPU
		{AA740E73-C7BC-45E5-ABDF-B454D8B22C15}.Ad-Hoc|x64.ActiveCfg = Release|Any CPU
		{AA740E73-C7BC-45E5-ABDF-B454D8B22C15}.Ad-Hoc|x64.Build.0 = Release|Any CPU
		{AA740E73-C7BC-45E5-ABDF-B454D8B22C15}.Ad-Hoc|x86.ActiveCfg = Release|Any CPU
		{AA740E73-C7BC-45E5-ABDF-B454D8B22C15}.Ad-Hoc|x86.Build.0 = Release|Any CPU
		{AA740E73-C7BC-45E5-ABDF-B454D8B22C15}.AppStore|Any CPU.ActiveCfg = Release|Any CPU
		{AA740E73-C7BC-45E5-ABDF-B454D8B22C15}.AppStore|Any CPU.Build.0 = Release|Any CPU
		{AA740E73-C7BC-45E5-ABDF-B454D8B22C15}.AppStore|ARM.ActiveCfg = Release|Any CPU
		{AA740E73-C7BC-45E5-ABDF-B454D8B22C15}.AppStore|ARM.Build.0 = Release|Any CPU
		{AA740E73-C7BC-45E5-ABDF-B454D8B22C15}.AppStore|iPhone.ActiveCfg = Release|Any CPU
		{AA740E73-C7BC-45E5-ABDF-B454D8B22C15}.AppStore|iPhone.Build.0 = Release|Any CPU
		{AA740E73-C7BC-45E5-ABDF-B454D8B22C15}.AppStore|iPhoneSimulator.ActiveCfg = Release|Any CPU
		{AA740E73-C7BC-45E5-ABDF-B454D8B22C15}.AppStore|iPhoneSimulator.Build.0 = Release|Any CPU
		{AA740E73-C7BC-45E5-ABDF-B454D8B22C15}.AppStore|x64.ActiveCfg = Release|Any CPU
		{AA740E73-C7BC-45E5-ABDF-B454D8B22C15}.AppStore|x64.Build.0 = Release|Any CPU
		{AA740E73-C7BC-45E5-ABDF-B454D8B22C15}.AppStore|x86.ActiveCfg = Release|Any CPU
		{AA740E73-C7BC-45E5-ABDF-B454D8B22C15}.AppStore|x86.Build.0 = Release|Any CPU
		{AA740E73-C7BC-45E5-ABDF-B454D8B22C15}.Debug|Any CPU.ActiveCfg = Debug|Any CPU
		{AA740E73-C7BC-45E5-ABDF-B454D8B22C15}.Debug|Any CPU.Build.0 = Debug|Any CPU
		{AA740E73-C7BC-45E5-ABDF-B454D8B22C15}.Debug|ARM.ActiveCfg = Debug|Any CPU
		{AA740E73-C7BC-45E5-ABDF-B454D8B22C15}.Debug|ARM.Build.0 = Debug|Any CPU
		{AA740E73-C7BC-45E5-ABDF-B454D8B22C15}.Debug|iPhone.ActiveCfg = Debug|Any CPU
		{AA740E73-C7BC-45E5-ABDF-B454D8B22C15}.Debug|iPhone.Build.0 = Debug|Any CPU
		{AA740E73-C7BC-45E5-ABDF-B454D8B22C15}.Debug|iPhoneSimulator.ActiveCfg = Debug|Any CPU
		{AA740E73-C7BC-45E5-ABDF-B454D8B22C15}.Debug|iPhoneSimulator.Build.0 = Debug|Any CPU
		{AA740E73-C7BC-45E5-ABDF-B454D8B22C15}.Debug|x64.ActiveCfg = Debug|Any CPU
		{AA740E73-C7BC-45E5-ABDF-B454D8B22C15}.Debug|x64.Build.0 = Debug|Any CPU
		{AA740E73-C7BC-45E5-ABDF-B454D8B22C15}.Debug|x86.ActiveCfg = Debug|Any CPU
		{AA740E73-C7BC-45E5-ABDF-B454D8B22C15}.Debug|x86.Build.0 = Debug|Any CPU
		{AA740E73-C7BC-45E5-ABDF-B454D8B22C15}.Release|Any CPU.ActiveCfg = Release|Any CPU
		{AA740E73-C7BC-45E5-ABDF-B454D8B22C15}.Release|Any CPU.Build.0 = Release|Any CPU
		{AA740E73-C7BC-45E5-ABDF-B454D8B22C15}.Release|ARM.ActiveCfg = Release|Any CPU
		{AA740E73-C7BC-45E5-ABDF-B454D8B22C15}.Release|ARM.Build.0 = Release|Any CPU
		{AA740E73-C7BC-45E5-ABDF-B454D8B22C15}.Release|iPhone.ActiveCfg = Release|Any CPU
		{AA740E73-C7BC-45E5-ABDF-B454D8B22C15}.Release|iPhone.Build.0 = Release|Any CPU
		{AA740E73-C7BC-45E5-ABDF-B454D8B22C15}.Release|iPhoneSimulator.ActiveCfg = Release|Any CPU
		{AA740E73-C7BC-45E5-ABDF-B454D8B22C15}.Release|iPhoneSimulator.Build.0 = Release|Any CPU
		{AA740E73-C7BC-45E5-ABDF-B454D8B22C15}.Release|x64.ActiveCfg = Release|Any CPU
		{AA740E73-C7BC-45E5-ABDF-B454D8B22C15}.Release|x64.Build.0 = Release|Any CPU
		{AA740E73-C7BC-45E5-ABDF-B454D8B22C15}.Release|x86.ActiveCfg = Release|Any CPU
		{AA740E73-C7BC-45E5-ABDF-B454D8B22C15}.Release|x86.Build.0 = Release|Any CPU
		{704394A6-678E-495C-81D3-EF9152D61435}.Ad-Hoc|Any CPU.ActiveCfg = Release|Any CPU
		{704394A6-678E-495C-81D3-EF9152D61435}.Ad-Hoc|Any CPU.Build.0 = Release|Any CPU
		{704394A6-678E-495C-81D3-EF9152D61435}.Ad-Hoc|Any CPU.Deploy.0 = Release|Any CPU
		{704394A6-678E-495C-81D3-EF9152D61435}.Ad-Hoc|ARM.ActiveCfg = Release|Any CPU
		{704394A6-678E-495C-81D3-EF9152D61435}.Ad-Hoc|ARM.Build.0 = Release|Any CPU
		{704394A6-678E-495C-81D3-EF9152D61435}.Ad-Hoc|ARM.Deploy.0 = Release|Any CPU
		{704394A6-678E-495C-81D3-EF9152D61435}.Ad-Hoc|iPhone.ActiveCfg = Release|Any CPU
		{704394A6-678E-495C-81D3-EF9152D61435}.Ad-Hoc|iPhone.Build.0 = Release|Any CPU
		{704394A6-678E-495C-81D3-EF9152D61435}.Ad-Hoc|iPhone.Deploy.0 = Release|Any CPU
		{704394A6-678E-495C-81D3-EF9152D61435}.Ad-Hoc|iPhoneSimulator.ActiveCfg = Release|Any CPU
		{704394A6-678E-495C-81D3-EF9152D61435}.Ad-Hoc|iPhoneSimulator.Build.0 = Release|Any CPU
		{704394A6-678E-495C-81D3-EF9152D61435}.Ad-Hoc|iPhoneSimulator.Deploy.0 = Release|Any CPU
		{704394A6-678E-495C-81D3-EF9152D61435}.Ad-Hoc|x64.ActiveCfg = Release|Any CPU
		{704394A6-678E-495C-81D3-EF9152D61435}.Ad-Hoc|x64.Build.0 = Release|Any CPU
		{704394A6-678E-495C-81D3-EF9152D61435}.Ad-Hoc|x64.Deploy.0 = Release|Any CPU
		{704394A6-678E-495C-81D3-EF9152D61435}.Ad-Hoc|x86.ActiveCfg = Release|Any CPU
		{704394A6-678E-495C-81D3-EF9152D61435}.Ad-Hoc|x86.Build.0 = Release|Any CPU
		{704394A6-678E-495C-81D3-EF9152D61435}.Ad-Hoc|x86.Deploy.0 = Release|Any CPU
		{704394A6-678E-495C-81D3-EF9152D61435}.AppStore|Any CPU.ActiveCfg = Release|Any CPU
		{704394A6-678E-495C-81D3-EF9152D61435}.AppStore|Any CPU.Build.0 = Release|Any CPU
		{704394A6-678E-495C-81D3-EF9152D61435}.AppStore|Any CPU.Deploy.0 = Release|Any CPU
		{704394A6-678E-495C-81D3-EF9152D61435}.AppStore|ARM.ActiveCfg = Release|Any CPU
		{704394A6-678E-495C-81D3-EF9152D61435}.AppStore|ARM.Build.0 = Release|Any CPU
		{704394A6-678E-495C-81D3-EF9152D61435}.AppStore|ARM.Deploy.0 = Release|Any CPU
		{704394A6-678E-495C-81D3-EF9152D61435}.AppStore|iPhone.ActiveCfg = Release|Any CPU
		{704394A6-678E-495C-81D3-EF9152D61435}.AppStore|iPhone.Build.0 = Release|Any CPU
		{704394A6-678E-495C-81D3-EF9152D61435}.AppStore|iPhone.Deploy.0 = Release|Any CPU
		{704394A6-678E-495C-81D3-EF9152D61435}.AppStore|iPhoneSimulator.ActiveCfg = Release|Any CPU
		{704394A6-678E-495C-81D3-EF9152D61435}.AppStore|iPhoneSimulator.Build.0 = Release|Any CPU
		{704394A6-678E-495C-81D3-EF9152D61435}.AppStore|iPhoneSimulator.Deploy.0 = Release|Any CPU
		{704394A6-678E-495C-81D3-EF9152D61435}.AppStore|x64.ActiveCfg = Release|Any CPU
		{704394A6-678E-495C-81D3-EF9152D61435}.AppStore|x64.Build.0 = Release|Any CPU
		{704394A6-678E-495C-81D3-EF9152D61435}.AppStore|x64.Deploy.0 = Release|Any CPU
		{704394A6-678E-495C-81D3-EF9152D61435}.AppStore|x86.ActiveCfg = Release|Any CPU
		{704394A6-678E-495C-81D3-EF9152D61435}.AppStore|x86.Build.0 = Release|Any CPU
		{704394A6-678E-495C-81D3-EF9152D61435}.AppStore|x86.Deploy.0 = Release|Any CPU
		{704394A6-678E-495C-81D3-EF9152D61435}.Debug|Any CPU.ActiveCfg = Debug|Any CPU
		{704394A6-678E-495C-81D3-EF9152D61435}.Debug|Any CPU.Build.0 = Debug|Any CPU
		{704394A6-678E-495C-81D3-EF9152D61435}.Debug|Any CPU.Deploy.0 = Debug|Any CPU
		{704394A6-678E-495C-81D3-EF9152D61435}.Debug|ARM.ActiveCfg = Debug|Any CPU
		{704394A6-678E-495C-81D3-EF9152D61435}.Debug|ARM.Build.0 = Debug|Any CPU
		{704394A6-678E-495C-81D3-EF9152D61435}.Debug|ARM.Deploy.0 = Debug|Any CPU
		{704394A6-678E-495C-81D3-EF9152D61435}.Debug|iPhone.ActiveCfg = Debug|Any CPU
		{704394A6-678E-495C-81D3-EF9152D61435}.Debug|iPhone.Build.0 = Debug|Any CPU
		{704394A6-678E-495C-81D3-EF9152D61435}.Debug|iPhone.Deploy.0 = Debug|Any CPU
		{704394A6-678E-495C-81D3-EF9152D61435}.Debug|iPhoneSimulator.ActiveCfg = Debug|Any CPU
		{704394A6-678E-495C-81D3-EF9152D61435}.Debug|iPhoneSimulator.Build.0 = Debug|Any CPU
		{704394A6-678E-495C-81D3-EF9152D61435}.Debug|iPhoneSimulator.Deploy.0 = Debug|Any CPU
		{704394A6-678E-495C-81D3-EF9152D61435}.Debug|x64.ActiveCfg = Debug|Any CPU
		{704394A6-678E-495C-81D3-EF9152D61435}.Debug|x64.Build.0 = Debug|Any CPU
		{704394A6-678E-495C-81D3-EF9152D61435}.Debug|x64.Deploy.0 = Debug|Any CPU
		{704394A6-678E-495C-81D3-EF9152D61435}.Debug|x86.ActiveCfg = Debug|Any CPU
		{704394A6-678E-495C-81D3-EF9152D61435}.Debug|x86.Build.0 = Debug|Any CPU
		{704394A6-678E-495C-81D3-EF9152D61435}.Debug|x86.Deploy.0 = Debug|Any CPU
		{704394A6-678E-495C-81D3-EF9152D61435}.Release|Any CPU.ActiveCfg = Release|Any CPU
		{704394A6-678E-495C-81D3-EF9152D61435}.Release|Any CPU.Build.0 = Release|Any CPU
		{704394A6-678E-495C-81D3-EF9152D61435}.Release|Any CPU.Deploy.0 = Release|Any CPU
		{704394A6-678E-495C-81D3-EF9152D61435}.Release|ARM.ActiveCfg = Release|Any CPU
		{704394A6-678E-495C-81D3-EF9152D61435}.Release|ARM.Build.0 = Release|Any CPU
		{704394A6-678E-495C-81D3-EF9152D61435}.Release|ARM.Deploy.0 = Release|Any CPU
		{704394A6-678E-495C-81D3-EF9152D61435}.Release|iPhone.ActiveCfg = Release|Any CPU
		{704394A6-678E-495C-81D3-EF9152D61435}.Release|iPhone.Build.0 = Release|Any CPU
		{704394A6-678E-495C-81D3-EF9152D61435}.Release|iPhone.Deploy.0 = Release|Any CPU
		{704394A6-678E-495C-81D3-EF9152D61435}.Release|iPhoneSimulator.ActiveCfg = Release|Any CPU
		{704394A6-678E-495C-81D3-EF9152D61435}.Release|iPhoneSimulator.Build.0 = Release|Any CPU
		{704394A6-678E-495C-81D3-EF9152D61435}.Release|iPhoneSimulator.Deploy.0 = Release|Any CPU
		{704394A6-678E-495C-81D3-EF9152D61435}.Release|x64.ActiveCfg = Release|Any CPU
		{704394A6-678E-495C-81D3-EF9152D61435}.Release|x64.Build.0 = Release|Any CPU
		{704394A6-678E-495C-81D3-EF9152D61435}.Release|x64.Deploy.0 = Release|Any CPU
		{704394A6-678E-495C-81D3-EF9152D61435}.Release|x86.ActiveCfg = Release|Any CPU
		{704394A6-678E-495C-81D3-EF9152D61435}.Release|x86.Build.0 = Release|Any CPU
		{704394A6-678E-495C-81D3-EF9152D61435}.Release|x86.Deploy.0 = Release|Any CPU
		{0A1E3F7E-AD7C-47B2-A5F0-1EB23B3598E2}.Ad-Hoc|Any CPU.ActiveCfg = Ad-Hoc|iPhone
		{0A1E3F7E-AD7C-47B2-A5F0-1EB23B3598E2}.Ad-Hoc|ARM.ActiveCfg = Ad-Hoc|iPhone
		{0A1E3F7E-AD7C-47B2-A5F0-1EB23B3598E2}.Ad-Hoc|iPhone.ActiveCfg = Ad-Hoc|iPhone
		{0A1E3F7E-AD7C-47B2-A5F0-1EB23B3598E2}.Ad-Hoc|iPhone.Build.0 = Ad-Hoc|iPhone
		{0A1E3F7E-AD7C-47B2-A5F0-1EB23B3598E2}.Ad-Hoc|iPhoneSimulator.ActiveCfg = Ad-Hoc|iPhoneSimulator
		{0A1E3F7E-AD7C-47B2-A5F0-1EB23B3598E2}.Ad-Hoc|iPhoneSimulator.Build.0 = Ad-Hoc|iPhoneSimulator
		{0A1E3F7E-AD7C-47B2-A5F0-1EB23B3598E2}.Ad-Hoc|x64.ActiveCfg = Ad-Hoc|iPhone
		{0A1E3F7E-AD7C-47B2-A5F0-1EB23B3598E2}.Ad-Hoc|x86.ActiveCfg = Ad-Hoc|iPhone
		{0A1E3F7E-AD7C-47B2-A5F0-1EB23B3598E2}.AppStore|Any CPU.ActiveCfg = AppStore|iPhone
		{0A1E3F7E-AD7C-47B2-A5F0-1EB23B3598E2}.AppStore|ARM.ActiveCfg = AppStore|iPhone
		{0A1E3F7E-AD7C-47B2-A5F0-1EB23B3598E2}.AppStore|iPhone.ActiveCfg = AppStore|iPhone
		{0A1E3F7E-AD7C-47B2-A5F0-1EB23B3598E2}.AppStore|iPhone.Build.0 = AppStore|iPhone
		{0A1E3F7E-AD7C-47B2-A5F0-1EB23B3598E2}.AppStore|iPhoneSimulator.ActiveCfg = AppStore|iPhoneSimulator
		{0A1E3F7E-AD7C-47B2-A5F0-1EB23B3598E2}.AppStore|iPhoneSimulator.Build.0 = AppStore|iPhoneSimulator
		{0A1E3F7E-AD7C-47B2-A5F0-1EB23B3598E2}.AppStore|x64.ActiveCfg = AppStore|iPhone
		{0A1E3F7E-AD7C-47B2-A5F0-1EB23B3598E2}.AppStore|x86.ActiveCfg = AppStore|iPhone
		{0A1E3F7E-AD7C-47B2-A5F0-1EB23B3598E2}.Debug|Any CPU.ActiveCfg = Debug|iPhone
		{0A1E3F7E-AD7C-47B2-A5F0-1EB23B3598E2}.Debug|ARM.ActiveCfg = Debug|iPhone
		{0A1E3F7E-AD7C-47B2-A5F0-1EB23B3598E2}.Debug|iPhone.ActiveCfg = Debug|iPhone
		{0A1E3F7E-AD7C-47B2-A5F0-1EB23B3598E2}.Debug|iPhone.Build.0 = Debug|iPhone
		{0A1E3F7E-AD7C-47B2-A5F0-1EB23B3598E2}.Debug|iPhoneSimulator.ActiveCfg = Debug|iPhoneSimulator
		{0A1E3F7E-AD7C-47B2-A5F0-1EB23B3598E2}.Debug|iPhoneSimulator.Build.0 = Debug|iPhoneSimulator
		{0A1E3F7E-AD7C-47B2-A5F0-1EB23B3598E2}.Debug|x64.ActiveCfg = Debug|iPhone
		{0A1E3F7E-AD7C-47B2-A5F0-1EB23B3598E2}.Debug|x86.ActiveCfg = Debug|iPhone
		{0A1E3F7E-AD7C-47B2-A5F0-1EB23B3598E2}.Release|Any CPU.ActiveCfg = Release|iPhone
		{0A1E3F7E-AD7C-47B2-A5F0-1EB23B3598E2}.Release|ARM.ActiveCfg = Release|iPhone
		{0A1E3F7E-AD7C-47B2-A5F0-1EB23B3598E2}.Release|iPhone.ActiveCfg = Release|iPhone
		{0A1E3F7E-AD7C-47B2-A5F0-1EB23B3598E2}.Release|iPhone.Build.0 = Release|iPhone
		{0A1E3F7E-AD7C-47B2-A5F0-1EB23B3598E2}.Release|iPhoneSimulator.ActiveCfg = Release|iPhoneSimulator
		{0A1E3F7E-AD7C-47B2-A5F0-1EB23B3598E2}.Release|iPhoneSimulator.Build.0 = Release|iPhoneSimulator
		{0A1E3F7E-AD7C-47B2-A5F0-1EB23B3598E2}.Release|x64.ActiveCfg = Release|iPhone
		{0A1E3F7E-AD7C-47B2-A5F0-1EB23B3598E2}.Release|x86.ActiveCfg = Release|iPhone
		{27D5B038-64AF-4334-B60E-8D94AA9ACFDD}.Ad-Hoc|Any CPU.ActiveCfg = Release|Any CPU
		{27D5B038-64AF-4334-B60E-8D94AA9ACFDD}.Ad-Hoc|Any CPU.Build.0 = Release|Any CPU
		{27D5B038-64AF-4334-B60E-8D94AA9ACFDD}.Ad-Hoc|Any CPU.Deploy.0 = Release|Any CPU
		{27D5B038-64AF-4334-B60E-8D94AA9ACFDD}.Ad-Hoc|ARM.ActiveCfg = Release|ARM
		{27D5B038-64AF-4334-B60E-8D94AA9ACFDD}.Ad-Hoc|ARM.Build.0 = Release|ARM
		{27D5B038-64AF-4334-B60E-8D94AA9ACFDD}.Ad-Hoc|ARM.Deploy.0 = Release|ARM
		{27D5B038-64AF-4334-B60E-8D94AA9ACFDD}.Ad-Hoc|iPhone.ActiveCfg = Release|Any CPU
		{27D5B038-64AF-4334-B60E-8D94AA9ACFDD}.Ad-Hoc|iPhone.Build.0 = Release|Any CPU
		{27D5B038-64AF-4334-B60E-8D94AA9ACFDD}.Ad-Hoc|iPhone.Deploy.0 = Release|Any CPU
		{27D5B038-64AF-4334-B60E-8D94AA9ACFDD}.Ad-Hoc|iPhoneSimulator.ActiveCfg = Release|Any CPU
		{27D5B038-64AF-4334-B60E-8D94AA9ACFDD}.Ad-Hoc|iPhoneSimulator.Build.0 = Release|Any CPU
		{27D5B038-64AF-4334-B60E-8D94AA9ACFDD}.Ad-Hoc|iPhoneSimulator.Deploy.0 = Release|Any CPU
		{27D5B038-64AF-4334-B60E-8D94AA9ACFDD}.Ad-Hoc|x64.ActiveCfg = Release|Any CPU
		{27D5B038-64AF-4334-B60E-8D94AA9ACFDD}.Ad-Hoc|x64.Build.0 = Release|Any CPU
		{27D5B038-64AF-4334-B60E-8D94AA9ACFDD}.Ad-Hoc|x64.Deploy.0 = Release|Any CPU
		{27D5B038-64AF-4334-B60E-8D94AA9ACFDD}.Ad-Hoc|x86.ActiveCfg = Release|x86
		{27D5B038-64AF-4334-B60E-8D94AA9ACFDD}.Ad-Hoc|x86.Build.0 = Release|x86
		{27D5B038-64AF-4334-B60E-8D94AA9ACFDD}.Ad-Hoc|x86.Deploy.0 = Release|x86
		{27D5B038-64AF-4334-B60E-8D94AA9ACFDD}.AppStore|Any CPU.ActiveCfg = Release|Any CPU
		{27D5B038-64AF-4334-B60E-8D94AA9ACFDD}.AppStore|Any CPU.Build.0 = Release|Any CPU
		{27D5B038-64AF-4334-B60E-8D94AA9ACFDD}.AppStore|Any CPU.Deploy.0 = Release|Any CPU
		{27D5B038-64AF-4334-B60E-8D94AA9ACFDD}.AppStore|ARM.ActiveCfg = Release|ARM
		{27D5B038-64AF-4334-B60E-8D94AA9ACFDD}.AppStore|ARM.Build.0 = Release|ARM
		{27D5B038-64AF-4334-B60E-8D94AA9ACFDD}.AppStore|ARM.Deploy.0 = Release|ARM
		{27D5B038-64AF-4334-B60E-8D94AA9ACFDD}.AppStore|iPhone.ActiveCfg = Release|Any CPU
		{27D5B038-64AF-4334-B60E-8D94AA9ACFDD}.AppStore|iPhone.Build.0 = Release|Any CPU
		{27D5B038-64AF-4334-B60E-8D94AA9ACFDD}.AppStore|iPhone.Deploy.0 = Release|Any CPU
		{27D5B038-64AF-4334-B60E-8D94AA9ACFDD}.AppStore|iPhoneSimulator.ActiveCfg = Release|Any CPU
		{27D5B038-64AF-4334-B60E-8D94AA9ACFDD}.AppStore|iPhoneSimulator.Build.0 = Release|Any CPU
		{27D5B038-64AF-4334-B60E-8D94AA9ACFDD}.AppStore|iPhoneSimulator.Deploy.0 = Release|Any CPU
		{27D5B038-64AF-4334-B60E-8D94AA9ACFDD}.AppStore|x64.ActiveCfg = Release|Any CPU
		{27D5B038-64AF-4334-B60E-8D94AA9ACFDD}.AppStore|x64.Build.0 = Release|Any CPU
		{27D5B038-64AF-4334-B60E-8D94AA9ACFDD}.AppStore|x64.Deploy.0 = Release|Any CPU
		{27D5B038-64AF-4334-B60E-8D94AA9ACFDD}.AppStore|x86.ActiveCfg = Release|x86
		{27D5B038-64AF-4334-B60E-8D94AA9ACFDD}.AppStore|x86.Build.0 = Release|x86
		{27D5B038-64AF-4334-B60E-8D94AA9ACFDD}.AppStore|x86.Deploy.0 = Release|x86
		{27D5B038-64AF-4334-B60E-8D94AA9ACFDD}.Debug|Any CPU.ActiveCfg = Debug|Any CPU
		{27D5B038-64AF-4334-B60E-8D94AA9ACFDD}.Debug|Any CPU.Build.0 = Debug|Any CPU
		{27D5B038-64AF-4334-B60E-8D94AA9ACFDD}.Debug|Any CPU.Deploy.0 = Debug|Any CPU
		{27D5B038-64AF-4334-B60E-8D94AA9ACFDD}.Debug|ARM.ActiveCfg = Debug|ARM
		{27D5B038-64AF-4334-B60E-8D94AA9ACFDD}.Debug|ARM.Build.0 = Debug|ARM
		{27D5B038-64AF-4334-B60E-8D94AA9ACFDD}.Debug|ARM.Deploy.0 = Debug|ARM
		{27D5B038-64AF-4334-B60E-8D94AA9ACFDD}.Debug|iPhone.ActiveCfg = Debug|Any CPU
		{27D5B038-64AF-4334-B60E-8D94AA9ACFDD}.Debug|iPhone.Build.0 = Debug|Any CPU
		{27D5B038-64AF-4334-B60E-8D94AA9ACFDD}.Debug|iPhone.Deploy.0 = Debug|Any CPU
		{27D5B038-64AF-4334-B60E-8D94AA9ACFDD}.Debug|iPhoneSimulator.ActiveCfg = Debug|Any CPU
		{27D5B038-64AF-4334-B60E-8D94AA9ACFDD}.Debug|iPhoneSimulator.Build.0 = Debug|Any CPU
		{27D5B038-64AF-4334-B60E-8D94AA9ACFDD}.Debug|iPhoneSimulator.Deploy.0 = Debug|Any CPU
		{27D5B038-64AF-4334-B60E-8D94AA9ACFDD}.Debug|x64.ActiveCfg = Debug|Any CPU
		{27D5B038-64AF-4334-B60E-8D94AA9ACFDD}.Debug|x64.Build.0 = Debug|Any CPU
		{27D5B038-64AF-4334-B60E-8D94AA9ACFDD}.Debug|x64.Deploy.0 = Debug|Any CPU
		{27D5B038-64AF-4334-B60E-8D94AA9ACFDD}.Debug|x86.ActiveCfg = Debug|x86
		{27D5B038-64AF-4334-B60E-8D94AA9ACFDD}.Debug|x86.Build.0 = Debug|x86
		{27D5B038-64AF-4334-B60E-8D94AA9ACFDD}.Debug|x86.Deploy.0 = Debug|x86
		{27D5B038-64AF-4334-B60E-8D94AA9ACFDD}.Release|Any CPU.ActiveCfg = Release|Any CPU
		{27D5B038-64AF-4334-B60E-8D94AA9ACFDD}.Release|Any CPU.Build.0 = Release|Any CPU
		{27D5B038-64AF-4334-B60E-8D94AA9ACFDD}.Release|Any CPU.Deploy.0 = Release|Any CPU
		{27D5B038-64AF-4334-B60E-8D94AA9ACFDD}.Release|ARM.ActiveCfg = Release|ARM
		{27D5B038-64AF-4334-B60E-8D94AA9ACFDD}.Release|ARM.Build.0 = Release|ARM
		{27D5B038-64AF-4334-B60E-8D94AA9ACFDD}.Release|ARM.Deploy.0 = Release|ARM
		{27D5B038-64AF-4334-B60E-8D94AA9ACFDD}.Release|iPhone.ActiveCfg = Release|Any CPU
		{27D5B038-64AF-4334-B60E-8D94AA9ACFDD}.Release|iPhone.Build.0 = Release|Any CPU
		{27D5B038-64AF-4334-B60E-8D94AA9ACFDD}.Release|iPhone.Deploy.0 = Release|Any CPU
		{27D5B038-64AF-4334-B60E-8D94AA9ACFDD}.Release|iPhoneSimulator.ActiveCfg = Release|Any CPU
		{27D5B038-64AF-4334-B60E-8D94AA9ACFDD}.Release|iPhoneSimulator.Build.0 = Release|Any CPU
		{27D5B038-64AF-4334-B60E-8D94AA9ACFDD}.Release|iPhoneSimulator.Deploy.0 = Release|Any CPU
		{27D5B038-64AF-4334-B60E-8D94AA9ACFDD}.Release|x64.ActiveCfg = Release|Any CPU
		{27D5B038-64AF-4334-B60E-8D94AA9ACFDD}.Release|x64.Build.0 = Release|Any CPU
		{27D5B038-64AF-4334-B60E-8D94AA9ACFDD}.Release|x64.Deploy.0 = Release|Any CPU
		{27D5B038-64AF-4334-B60E-8D94AA9ACFDD}.Release|x86.ActiveCfg = Release|x86
		{27D5B038-64AF-4334-B60E-8D94AA9ACFDD}.Release|x86.Build.0 = Release|x86
		{27D5B038-64AF-4334-B60E-8D94AA9ACFDD}.Release|x86.Deploy.0 = Release|x86
		{0D7F7DEE-4D33-460A-9255-5452102F5C13}.Ad-Hoc|Any CPU.ActiveCfg = Release|x86
		{0D7F7DEE-4D33-460A-9255-5452102F5C13}.Ad-Hoc|Any CPU.Build.0 = Release|x86
		{0D7F7DEE-4D33-460A-9255-5452102F5C13}.Ad-Hoc|Any CPU.Deploy.0 = Release|x86
		{0D7F7DEE-4D33-460A-9255-5452102F5C13}.Ad-Hoc|ARM.ActiveCfg = Release|ARM
		{0D7F7DEE-4D33-460A-9255-5452102F5C13}.Ad-Hoc|ARM.Build.0 = Release|ARM
		{0D7F7DEE-4D33-460A-9255-5452102F5C13}.Ad-Hoc|ARM.Deploy.0 = Release|ARM
		{0D7F7DEE-4D33-460A-9255-5452102F5C13}.Ad-Hoc|iPhone.ActiveCfg = Release|x86
		{0D7F7DEE-4D33-460A-9255-5452102F5C13}.Ad-Hoc|iPhone.Build.0 = Release|x86
		{0D7F7DEE-4D33-460A-9255-5452102F5C13}.Ad-Hoc|iPhone.Deploy.0 = Release|x86
		{0D7F7DEE-4D33-460A-9255-5452102F5C13}.Ad-Hoc|iPhoneSimulator.ActiveCfg = Release|x86
		{0D7F7DEE-4D33-460A-9255-5452102F5C13}.Ad-Hoc|iPhoneSimulator.Build.0 = Release|x86
		{0D7F7DEE-4D33-460A-9255-5452102F5C13}.Ad-Hoc|iPhoneSimulator.Deploy.0 = Release|x86
		{0D7F7DEE-4D33-460A-9255-5452102F5C13}.Ad-Hoc|x64.ActiveCfg = Release|x64
		{0D7F7DEE-4D33-460A-9255-5452102F5C13}.Ad-Hoc|x64.Build.0 = Release|x64
		{0D7F7DEE-4D33-460A-9255-5452102F5C13}.Ad-Hoc|x64.Deploy.0 = Release|x64
		{0D7F7DEE-4D33-460A-9255-5452102F5C13}.Ad-Hoc|x86.ActiveCfg = Release|x86
		{0D7F7DEE-4D33-460A-9255-5452102F5C13}.Ad-Hoc|x86.Build.0 = Release|x86
		{0D7F7DEE-4D33-460A-9255-5452102F5C13}.Ad-Hoc|x86.Deploy.0 = Release|x86
		{0D7F7DEE-4D33-460A-9255-5452102F5C13}.AppStore|Any CPU.ActiveCfg = Release|x86
		{0D7F7DEE-4D33-460A-9255-5452102F5C13}.AppStore|Any CPU.Build.0 = Release|x86
		{0D7F7DEE-4D33-460A-9255-5452102F5C13}.AppStore|Any CPU.Deploy.0 = Release|x86
		{0D7F7DEE-4D33-460A-9255-5452102F5C13}.AppStore|ARM.ActiveCfg = Release|ARM
		{0D7F7DEE-4D33-460A-9255-5452102F5C13}.AppStore|ARM.Build.0 = Release|ARM
		{0D7F7DEE-4D33-460A-9255-5452102F5C13}.AppStore|ARM.Deploy.0 = Release|ARM
		{0D7F7DEE-4D33-460A-9255-5452102F5C13}.AppStore|iPhone.ActiveCfg = Release|x86
		{0D7F7DEE-4D33-460A-9255-5452102F5C13}.AppStore|iPhone.Build.0 = Release|x86
		{0D7F7DEE-4D33-460A-9255-5452102F5C13}.AppStore|iPhone.Deploy.0 = Release|x86
		{0D7F7DEE-4D33-460A-9255-5452102F5C13}.AppStore|iPhoneSimulator.ActiveCfg = Release|x86
		{0D7F7DEE-4D33-460A-9255-5452102F5C13}.AppStore|iPhoneSimulator.Build.0 = Release|x86
		{0D7F7DEE-4D33-460A-9255-5452102F5C13}.AppStore|iPhoneSimulator.Deploy.0 = Release|x86
		{0D7F7DEE-4D33-460A-9255-5452102F5C13}.AppStore|x64.ActiveCfg = Release|x64
		{0D7F7DEE-4D33-460A-9255-5452102F5C13}.AppStore|x64.Build.0 = Release|x64
		{0D7F7DEE-4D33-460A-9255-5452102F5C13}.AppStore|x64.Deploy.0 = Release|x64
		{0D7F7DEE-4D33-460A-9255-5452102F5C13}.AppStore|x86.ActiveCfg = Release|x86
		{0D7F7DEE-4D33-460A-9255-5452102F5C13}.AppStore|x86.Build.0 = Release|x86
		{0D7F7DEE-4D33-460A-9255-5452102F5C13}.AppStore|x86.Deploy.0 = Release|x86
		{0D7F7DEE-4D33-460A-9255-5452102F5C13}.Debug|Any CPU.ActiveCfg = Debug|x86
		{0D7F7DEE-4D33-460A-9255-5452102F5C13}.Debug|ARM.ActiveCfg = Debug|ARM
		{0D7F7DEE-4D33-460A-9255-5452102F5C13}.Debug|ARM.Build.0 = Debug|ARM
		{0D7F7DEE-4D33-460A-9255-5452102F5C13}.Debug|ARM.Deploy.0 = Debug|ARM
		{0D7F7DEE-4D33-460A-9255-5452102F5C13}.Debug|iPhone.ActiveCfg = Debug|x86
		{0D7F7DEE-4D33-460A-9255-5452102F5C13}.Debug|iPhoneSimulator.ActiveCfg = Debug|x86
		{0D7F7DEE-4D33-460A-9255-5452102F5C13}.Debug|x64.ActiveCfg = Debug|x64
		{0D7F7DEE-4D33-460A-9255-5452102F5C13}.Debug|x64.Build.0 = Debug|x64
		{0D7F7DEE-4D33-460A-9255-5452102F5C13}.Debug|x64.Deploy.0 = Debug|x64
		{0D7F7DEE-4D33-460A-9255-5452102F5C13}.Debug|x86.ActiveCfg = Debug|x86
		{0D7F7DEE-4D33-460A-9255-5452102F5C13}.Debug|x86.Build.0 = Debug|x86
		{0D7F7DEE-4D33-460A-9255-5452102F5C13}.Debug|x86.Deploy.0 = Debug|x86
		{0D7F7DEE-4D33-460A-9255-5452102F5C13}.Release|Any CPU.ActiveCfg = Release|x86
		{0D7F7DEE-4D33-460A-9255-5452102F5C13}.Release|ARM.ActiveCfg = Release|ARM
		{0D7F7DEE-4D33-460A-9255-5452102F5C13}.Release|ARM.Build.0 = Release|ARM
		{0D7F7DEE-4D33-460A-9255-5452102F5C13}.Release|ARM.Deploy.0 = Release|ARM
		{0D7F7DEE-4D33-460A-9255-5452102F5C13}.Release|iPhone.ActiveCfg = Release|x86
		{0D7F7DEE-4D33-460A-9255-5452102F5C13}.Release|iPhoneSimulator.ActiveCfg = Release|x86
		{0D7F7DEE-4D33-460A-9255-5452102F5C13}.Release|x64.ActiveCfg = Release|x64
		{0D7F7DEE-4D33-460A-9255-5452102F5C13}.Release|x64.Build.0 = Release|x64
		{0D7F7DEE-4D33-460A-9255-5452102F5C13}.Release|x64.Deploy.0 = Release|x64
		{0D7F7DEE-4D33-460A-9255-5452102F5C13}.Release|x86.ActiveCfg = Release|x86
		{0D7F7DEE-4D33-460A-9255-5452102F5C13}.Release|x86.Build.0 = Release|x86
		{0D7F7DEE-4D33-460A-9255-5452102F5C13}.Release|x86.Deploy.0 = Release|x86
		{C031E0EC-FBCD-4152-B3E3-7AB29A5680D0}.Ad-Hoc|Any CPU.ActiveCfg = Release|Any CPU
		{C031E0EC-FBCD-4152-B3E3-7AB29A5680D0}.Ad-Hoc|Any CPU.Build.0 = Release|Any CPU
		{C031E0EC-FBCD-4152-B3E3-7AB29A5680D0}.Ad-Hoc|Any CPU.Deploy.0 = Release|Any CPU
		{C031E0EC-FBCD-4152-B3E3-7AB29A5680D0}.Ad-Hoc|ARM.ActiveCfg = Release|ARM
		{C031E0EC-FBCD-4152-B3E3-7AB29A5680D0}.Ad-Hoc|ARM.Build.0 = Release|ARM
		{C031E0EC-FBCD-4152-B3E3-7AB29A5680D0}.Ad-Hoc|ARM.Deploy.0 = Release|ARM
		{C031E0EC-FBCD-4152-B3E3-7AB29A5680D0}.Ad-Hoc|iPhone.ActiveCfg = Release|Any CPU
		{C031E0EC-FBCD-4152-B3E3-7AB29A5680D0}.Ad-Hoc|iPhone.Build.0 = Release|Any CPU
		{C031E0EC-FBCD-4152-B3E3-7AB29A5680D0}.Ad-Hoc|iPhone.Deploy.0 = Release|Any CPU
		{C031E0EC-FBCD-4152-B3E3-7AB29A5680D0}.Ad-Hoc|iPhoneSimulator.ActiveCfg = Release|Any CPU
		{C031E0EC-FBCD-4152-B3E3-7AB29A5680D0}.Ad-Hoc|iPhoneSimulator.Build.0 = Release|Any CPU
		{C031E0EC-FBCD-4152-B3E3-7AB29A5680D0}.Ad-Hoc|iPhoneSimulator.Deploy.0 = Release|Any CPU
		{C031E0EC-FBCD-4152-B3E3-7AB29A5680D0}.Ad-Hoc|x64.ActiveCfg = Release|x64
		{C031E0EC-FBCD-4152-B3E3-7AB29A5680D0}.Ad-Hoc|x64.Build.0 = Release|x64
		{C031E0EC-FBCD-4152-B3E3-7AB29A5680D0}.Ad-Hoc|x64.Deploy.0 = Release|x64
		{C031E0EC-FBCD-4152-B3E3-7AB29A5680D0}.Ad-Hoc|x86.ActiveCfg = Release|x86
		{C031E0EC-FBCD-4152-B3E3-7AB29A5680D0}.Ad-Hoc|x86.Build.0 = Release|x86
		{C031E0EC-FBCD-4152-B3E3-7AB29A5680D0}.Ad-Hoc|x86.Deploy.0 = Release|x86
		{C031E0EC-FBCD-4152-B3E3-7AB29A5680D0}.AppStore|Any CPU.ActiveCfg = Release|Any CPU
		{C031E0EC-FBCD-4152-B3E3-7AB29A5680D0}.AppStore|Any CPU.Build.0 = Release|Any CPU
		{C031E0EC-FBCD-4152-B3E3-7AB29A5680D0}.AppStore|Any CPU.Deploy.0 = Release|Any CPU
		{C031E0EC-FBCD-4152-B3E3-7AB29A5680D0}.AppStore|ARM.ActiveCfg = Release|ARM
		{C031E0EC-FBCD-4152-B3E3-7AB29A5680D0}.AppStore|ARM.Build.0 = Release|ARM
		{C031E0EC-FBCD-4152-B3E3-7AB29A5680D0}.AppStore|ARM.Deploy.0 = Release|ARM
		{C031E0EC-FBCD-4152-B3E3-7AB29A5680D0}.AppStore|iPhone.ActiveCfg = Release|Any CPU
		{C031E0EC-FBCD-4152-B3E3-7AB29A5680D0}.AppStore|iPhone.Build.0 = Release|Any CPU
		{C031E0EC-FBCD-4152-B3E3-7AB29A5680D0}.AppStore|iPhone.Deploy.0 = Release|Any CPU
		{C031E0EC-FBCD-4152-B3E3-7AB29A5680D0}.AppStore|iPhoneSimulator.ActiveCfg = Release|Any CPU
		{C031E0EC-FBCD-4152-B3E3-7AB29A5680D0}.AppStore|iPhoneSimulator.Build.0 = Release|Any CPU
		{C031E0EC-FBCD-4152-B3E3-7AB29A5680D0}.AppStore|iPhoneSimulator.Deploy.0 = Release|Any CPU
		{C031E0EC-FBCD-4152-B3E3-7AB29A5680D0}.AppStore|x64.ActiveCfg = Release|x64
		{C031E0EC-FBCD-4152-B3E3-7AB29A5680D0}.AppStore|x64.Build.0 = Release|x64
		{C031E0EC-FBCD-4152-B3E3-7AB29A5680D0}.AppStore|x64.Deploy.0 = Release|x64
		{C031E0EC-FBCD-4152-B3E3-7AB29A5680D0}.AppStore|x86.ActiveCfg = Release|x86
		{C031E0EC-FBCD-4152-B3E3-7AB29A5680D0}.AppStore|x86.Build.0 = Release|x86
		{C031E0EC-FBCD-4152-B3E3-7AB29A5680D0}.AppStore|x86.Deploy.0 = Release|x86
		{C031E0EC-FBCD-4152-B3E3-7AB29A5680D0}.Debug|Any CPU.ActiveCfg = Debug|Any CPU
		{C031E0EC-FBCD-4152-B3E3-7AB29A5680D0}.Debug|Any CPU.Build.0 = Debug|Any CPU
		{C031E0EC-FBCD-4152-B3E3-7AB29A5680D0}.Debug|Any CPU.Deploy.0 = Debug|Any CPU
		{C031E0EC-FBCD-4152-B3E3-7AB29A5680D0}.Debug|ARM.ActiveCfg = Debug|ARM
		{C031E0EC-FBCD-4152-B3E3-7AB29A5680D0}.Debug|ARM.Build.0 = Debug|ARM
		{C031E0EC-FBCD-4152-B3E3-7AB29A5680D0}.Debug|ARM.Deploy.0 = Debug|ARM
		{C031E0EC-FBCD-4152-B3E3-7AB29A5680D0}.Debug|iPhone.ActiveCfg = Debug|Any CPU
		{C031E0EC-FBCD-4152-B3E3-7AB29A5680D0}.Debug|iPhone.Build.0 = Debug|Any CPU
		{C031E0EC-FBCD-4152-B3E3-7AB29A5680D0}.Debug|iPhone.Deploy.0 = Debug|Any CPU
		{C031E0EC-FBCD-4152-B3E3-7AB29A5680D0}.Debug|iPhoneSimulator.ActiveCfg = Debug|Any CPU
		{C031E0EC-FBCD-4152-B3E3-7AB29A5680D0}.Debug|iPhoneSimulator.Build.0 = Debug|Any CPU
		{C031E0EC-FBCD-4152-B3E3-7AB29A5680D0}.Debug|iPhoneSimulator.Deploy.0 = Debug|Any CPU
		{C031E0EC-FBCD-4152-B3E3-7AB29A5680D0}.Debug|x64.ActiveCfg = Debug|x64
		{C031E0EC-FBCD-4152-B3E3-7AB29A5680D0}.Debug|x64.Build.0 = Debug|x64
		{C031E0EC-FBCD-4152-B3E3-7AB29A5680D0}.Debug|x64.Deploy.0 = Debug|x64
		{C031E0EC-FBCD-4152-B3E3-7AB29A5680D0}.Debug|x86.ActiveCfg = Debug|x86
		{C031E0EC-FBCD-4152-B3E3-7AB29A5680D0}.Debug|x86.Build.0 = Debug|x86
		{C031E0EC-FBCD-4152-B3E3-7AB29A5680D0}.Debug|x86.Deploy.0 = Debug|x86
		{C031E0EC-FBCD-4152-B3E3-7AB29A5680D0}.Release|Any CPU.ActiveCfg = Release|Any CPU
		{C031E0EC-FBCD-4152-B3E3-7AB29A5680D0}.Release|Any CPU.Build.0 = Release|Any CPU
		{C031E0EC-FBCD-4152-B3E3-7AB29A5680D0}.Release|Any CPU.Deploy.0 = Release|Any CPU
		{C031E0EC-FBCD-4152-B3E3-7AB29A5680D0}.Release|ARM.ActiveCfg = Release|ARM
		{C031E0EC-FBCD-4152-B3E3-7AB29A5680D0}.Release|ARM.Build.0 = Release|ARM
		{C031E0EC-FBCD-4152-B3E3-7AB29A5680D0}.Release|ARM.Deploy.0 = Release|ARM
		{C031E0EC-FBCD-4152-B3E3-7AB29A5680D0}.Release|iPhone.ActiveCfg = Release|Any CPU
		{C031E0EC-FBCD-4152-B3E3-7AB29A5680D0}.Release|iPhone.Build.0 = Release|Any CPU
		{C031E0EC-FBCD-4152-B3E3-7AB29A5680D0}.Release|iPhone.Deploy.0 = Release|Any CPU
		{C031E0EC-FBCD-4152-B3E3-7AB29A5680D0}.Release|iPhoneSimulator.ActiveCfg = Release|Any CPU
		{C031E0EC-FBCD-4152-B3E3-7AB29A5680D0}.Release|iPhoneSimulator.Build.0 = Release|Any CPU
		{C031E0EC-FBCD-4152-B3E3-7AB29A5680D0}.Release|iPhoneSimulator.Deploy.0 = Release|Any CPU
		{C031E0EC-FBCD-4152-B3E3-7AB29A5680D0}.Release|x64.ActiveCfg = Release|x64
		{C031E0EC-FBCD-4152-B3E3-7AB29A5680D0}.Release|x64.Build.0 = Release|x64
		{C031E0EC-FBCD-4152-B3E3-7AB29A5680D0}.Release|x64.Deploy.0 = Release|x64
		{C031E0EC-FBCD-4152-B3E3-7AB29A5680D0}.Release|x86.ActiveCfg = Release|x86
		{C031E0EC-FBCD-4152-B3E3-7AB29A5680D0}.Release|x86.Build.0 = Release|x86
		{C031E0EC-FBCD-4152-B3E3-7AB29A5680D0}.Release|x86.Deploy.0 = Release|x86
	EndGlobalSection
	GlobalSection(SolutionProperties) = preSolution
		HideSolutionNode = FALSE
	EndGlobalSection
EndGlobal
