
Microsoft Visual Studio Solution File, Format Version 12.00
# Visual Studio 14
VisualStudioVersion = 14.0.25420.1
MinimumVisualStudioVersion = 10.0.40219.1
Project("{D954291E-2A0B-460D-934E-DC6B0785DB48}") = "Qiita", "Qiita\Qiita\Qiita.shproj", "{F6E41DFD-E69F-4D3E-A8E3-7F61E27A3456}"
EndProject
Project("{FAE04EC0-301F-11D3-BF4B-00C04F79EFBC}") = "Qiita.Droid", "Qiita\Qiita.Droid\Qiita.Droid.csproj", "{68A46FB1-7223-4F0E-9612-0879FF778F39}"
EndProject
Project("{FAE04EC0-301F-11D3-BF4B-00C04F79EFBC}") = "Qiita.iOS", "Qiita\Qiita.iOS\Qiita.iOS.csproj", "{52DC34FB-1202-49E2-B2A2-B8C1DD716647}"
EndProject
Project("{FAE04EC0-301F-11D3-BF4B-00C04F79EFBC}") = "Qiita.WinPhone", "Qiita\Qiita.WinPhone\Qiita.WinPhone.csproj", "{F1B8CE82-ED74-440C-91D0-26D718D9654E}"
EndProject
Project("{FAE04EC0-301F-11D3-BF4B-00C04F79EFBC}") = "Qiita.UWP", "Qiita\Qiita.UWP\Qiita.UWP.csproj", "{1AAF24A1-4297-4C8E-9747-A76C9888F5DD}"
EndProject
Project("{FAE04EC0-301F-11D3-BF4B-00C04F79EFBC}") = "Qiita.Windows", "Qiita\Qiita.Windows\Qiita.Windows.csproj", "{815141E8-E1A6-4E3D-B482-E335BEBA1287}"
EndProject
Global
	GlobalSection(SharedMSBuildProjectFiles) = preSolution
		Qiita\Qiita\Qiita.projitems*{1aaf24a1-4297-4c8e-9747-a76c9888f5dd}*SharedItemsImports = 4
		Qiita\Qiita\Qiita.projitems*{52dc34fb-1202-49e2-b2a2-b8c1dd716647}*SharedItemsImports = 4
		Qiita\Qiita\Qiita.projitems*{68a46fb1-7223-4f0e-9612-0879ff778f39}*SharedItemsImports = 4
		Qiita\Qiita\Qiita.projitems*{815141e8-e1a6-4e3d-b482-e335beba1287}*SharedItemsImports = 4
		Qiita\Qiita\Qiita.projitems*{f1b8ce82-ed74-440c-91d0-26d718d9654e}*SharedItemsImports = 4
		Qiita\Qiita\Qiita.projitems*{f6e41dfd-e69f-4d3e-a8e3-7f61e27a3456}*SharedItemsImports = 13
	EndGlobalSection
	GlobalSection(SolutionConfigurationPlatforms) = preSolution
		Ad-Hoc|Any CPU = Ad-Hoc|Any CPU
		Ad-Hoc|ARM = Ad-Hoc|ARM
		Ad-Hoc|iPhone = Ad-Hoc|iPhone
		Ad-Hoc|iPhoneSimulator = Ad-Hoc|iPhoneSimulator
		Ad-Hoc|x64 = Ad-Hoc|x64
		Ad-Hoc|x86 = Ad-Hoc|x86
		AppStore|Any CPU = AppStore|Any CPU
		AppStore|ARM = AppStore|ARM
		AppStore|iPhone = AppStore|iPhone
		AppStore|iPhoneSimulator = AppStore|iPhoneSimulator
		AppStore|x64 = AppStore|x64
		AppStore|x86 = AppStore|x86
		Debug|Any CPU = Debug|Any CPU
		Debug|ARM = Debug|ARM
		Debug|iPhone = Debug|iPhone
		Debug|iPhoneSimulator = Debug|iPhoneSimulator
		Debug|x64 = Debug|x64
		Debug|x86 = Debug|x86
		Release|Any CPU = Release|Any CPU
		Release|ARM = Release|ARM
		Release|iPhone = Release|iPhone
		Release|iPhoneSimulator = Release|iPhoneSimulator
		Release|x64 = Release|x64
		Release|x86 = Release|x86
	EndGlobalSection
	GlobalSection(ProjectConfigurationPlatforms) = postSolution
		{68A46FB1-7223-4F0E-9612-0879FF778F39}.Ad-Hoc|Any CPU.ActiveCfg = Release|Any CPU
		{68A46FB1-7223-4F0E-9612-0879FF778F39}.Ad-Hoc|Any CPU.Build.0 = Release|Any CPU
		{68A46FB1-7223-4F0E-9612-0879FF778F39}.Ad-Hoc|Any CPU.Deploy.0 = Release|Any CPU
		{68A46FB1-7223-4F0E-9612-0879FF778F39}.Ad-Hoc|ARM.ActiveCfg = Release|Any CPU
		{68A46FB1-7223-4F0E-9612-0879FF778F39}.Ad-Hoc|ARM.Build.0 = Release|Any CPU
		{68A46FB1-7223-4F0E-9612-0879FF778F39}.Ad-Hoc|ARM.Deploy.0 = Release|Any CPU
		{68A46FB1-7223-4F0E-9612-0879FF778F39}.Ad-Hoc|iPhone.ActiveCfg = Release|Any CPU
		{68A46FB1-7223-4F0E-9612-0879FF778F39}.Ad-Hoc|iPhone.Build.0 = Release|Any CPU
		{68A46FB1-7223-4F0E-9612-0879FF778F39}.Ad-Hoc|iPhone.Deploy.0 = Release|Any CPU
		{68A46FB1-7223-4F0E-9612-0879FF778F39}.Ad-Hoc|iPhoneSimulator.ActiveCfg = Release|Any CPU
		{68A46FB1-7223-4F0E-9612-0879FF778F39}.Ad-Hoc|iPhoneSimulator.Build.0 = Release|Any CPU
		{68A46FB1-7223-4F0E-9612-0879FF778F39}.Ad-Hoc|iPhoneSimulator.Deploy.0 = Release|Any CPU
		{68A46FB1-7223-4F0E-9612-0879FF778F39}.Ad-Hoc|x64.ActiveCfg = Release|Any CPU
		{68A46FB1-7223-4F0E-9612-0879FF778F39}.Ad-Hoc|x64.Build.0 = Release|Any CPU
		{68A46FB1-7223-4F0E-9612-0879FF778F39}.Ad-Hoc|x64.Deploy.0 = Release|Any CPU
		{68A46FB1-7223-4F0E-9612-0879FF778F39}.Ad-Hoc|x86.ActiveCfg = Release|Any CPU
		{68A46FB1-7223-4F0E-9612-0879FF778F39}.Ad-Hoc|x86.Build.0 = Release|Any CPU
		{68A46FB1-7223-4F0E-9612-0879FF778F39}.Ad-Hoc|x86.Deploy.0 = Release|Any CPU
		{68A46FB1-7223-4F0E-9612-0879FF778F39}.AppStore|Any CPU.ActiveCfg = Release|Any CPU
		{68A46FB1-7223-4F0E-9612-0879FF778F39}.AppStore|Any CPU.Build.0 = Release|Any CPU
		{68A46FB1-7223-4F0E-9612-0879FF778F39}.AppStore|Any CPU.Deploy.0 = Release|Any CPU
		{68A46FB1-7223-4F0E-9612-0879FF778F39}.AppStore|ARM.ActiveCfg = Release|Any CPU
		{68A46FB1-7223-4F0E-9612-0879FF778F39}.AppStore|ARM.Build.0 = Release|Any CPU
		{68A46FB1-7223-4F0E-9612-0879FF778F39}.AppStore|ARM.Deploy.0 = Release|Any CPU
		{68A46FB1-7223-4F0E-9612-0879FF778F39}.AppStore|iPhone.ActiveCfg = Release|Any CPU
		{68A46FB1-7223-4F0E-9612-0879FF778F39}.AppStore|iPhone.Build.0 = Release|Any CPU
		{68A46FB1-7223-4F0E-9612-0879FF778F39}.AppStore|iPhone.Deploy.0 = Release|Any CPU
		{68A46FB1-7223-4F0E-9612-0879FF778F39}.AppStore|iPhoneSimulator.ActiveCfg = Release|Any CPU
		{68A46FB1-7223-4F0E-9612-0879FF778F39}.AppStore|iPhoneSimulator.Build.0 = Release|Any CPU
		{68A46FB1-7223-4F0E-9612-0879FF778F39}.AppStore|iPhoneSimulator.Deploy.0 = Release|Any CPU
		{68A46FB1-7223-4F0E-9612-0879FF778F39}.AppStore|x64.ActiveCfg = Release|Any CPU
		{68A46FB1-7223-4F0E-9612-0879FF778F39}.AppStore|x64.Build.0 = Release|Any CPU
		{68A46FB1-7223-4F0E-9612-0879FF778F39}.AppStore|x64.Deploy.0 = Release|Any CPU
		{68A46FB1-7223-4F0E-9612-0879FF778F39}.AppStore|x86.ActiveCfg = Release|Any CPU
		{68A46FB1-7223-4F0E-9612-0879FF778F39}.AppStore|x86.Build.0 = Release|Any CPU
		{68A46FB1-7223-4F0E-9612-0879FF778F39}.AppStore|x86.Deploy.0 = Release|Any CPU
		{68A46FB1-7223-4F0E-9612-0879FF778F39}.Debug|Any CPU.ActiveCfg = Debug|Any CPU
		{68A46FB1-7223-4F0E-9612-0879FF778F39}.Debug|Any CPU.Build.0 = Debug|Any CPU
		{68A46FB1-7223-4F0E-9612-0879FF778F39}.Debug|Any CPU.Deploy.0 = Debug|Any CPU
		{68A46FB1-7223-4F0E-9612-0879FF778F39}.Debug|ARM.ActiveCfg = Debug|Any CPU
		{68A46FB1-7223-4F0E-9612-0879FF778F39}.Debug|ARM.Build.0 = Debug|Any CPU
		{68A46FB1-7223-4F0E-9612-0879FF778F39}.Debug|ARM.Deploy.0 = Debug|Any CPU
		{68A46FB1-7223-4F0E-9612-0879FF778F39}.Debug|iPhone.ActiveCfg = Debug|Any CPU
		{68A46FB1-7223-4F0E-9612-0879FF778F39}.Debug|iPhone.Build.0 = Debug|Any CPU
		{68A46FB1-7223-4F0E-9612-0879FF778F39}.Debug|iPhone.Deploy.0 = Debug|Any CPU
		{68A46FB1-7223-4F0E-9612-0879FF778F39}.Debug|iPhoneSimulator.ActiveCfg = Debug|Any CPU
		{68A46FB1-7223-4F0E-9612-0879FF778F39}.Debug|iPhoneSimulator.Build.0 = Debug|Any CPU
		{68A46FB1-7223-4F0E-9612-0879FF778F39}.Debug|iPhoneSimulator.Deploy.0 = Debug|Any CPU
		{68A46FB1-7223-4F0E-9612-0879FF778F39}.Debug|x64.ActiveCfg = Debug|Any CPU
		{68A46FB1-7223-4F0E-9612-0879FF778F39}.Debug|x64.Build.0 = Debug|Any CPU
		{68A46FB1-7223-4F0E-9612-0879FF778F39}.Debug|x64.Deploy.0 = Debug|Any CPU
		{68A46FB1-7223-4F0E-9612-0879FF778F39}.Debug|x86.ActiveCfg = Debug|Any CPU
		{68A46FB1-7223-4F0E-9612-0879FF778F39}.Debug|x86.Build.0 = Debug|Any CPU
		{68A46FB1-7223-4F0E-9612-0879FF778F39}.Debug|x86.Deploy.0 = Debug|Any CPU
		{68A46FB1-7223-4F0E-9612-0879FF778F39}.Release|Any CPU.ActiveCfg = Release|Any CPU
		{68A46FB1-7223-4F0E-9612-0879FF778F39}.Release|Any CPU.Build.0 = Release|Any CPU
		{68A46FB1-7223-4F0E-9612-0879FF778F39}.Release|Any CPU.Deploy.0 = Release|Any CPU
		{68A46FB1-7223-4F0E-9612-0879FF778F39}.Release|ARM.ActiveCfg = Release|Any CPU
		{68A46FB1-7223-4F0E-9612-0879FF778F39}.Release|ARM.Build.0 = Release|Any CPU
		{68A46FB1-7223-4F0E-9612-0879FF778F39}.Release|ARM.Deploy.0 = Release|Any CPU
		{68A46FB1-7223-4F0E-9612-0879FF778F39}.Release|iPhone.ActiveCfg = Release|Any CPU
		{68A46FB1-7223-4F0E-9612-0879FF778F39}.Release|iPhone.Build.0 = Release|Any CPU
		{68A46FB1-7223-4F0E-9612-0879FF778F39}.Release|iPhone.Deploy.0 = Release|Any CPU
		{68A46FB1-7223-4F0E-9612-0879FF778F39}.Release|iPhoneSimulator.ActiveCfg = Release|Any CPU
		{68A46FB1-7223-4F0E-9612-0879FF778F39}.Release|iPhoneSimulator.Build.0 = Release|Any CPU
		{68A46FB1-7223-4F0E-9612-0879FF778F39}.Release|iPhoneSimulator.Deploy.0 = Release|Any CPU
		{68A46FB1-7223-4F0E-9612-0879FF778F39}.Release|x64.ActiveCfg = Release|Any CPU
		{68A46FB1-7223-4F0E-9612-0879FF778F39}.Release|x64.Build.0 = Release|Any CPU
		{68A46FB1-7223-4F0E-9612-0879FF778F39}.Release|x64.Deploy.0 = Release|Any CPU
		{68A46FB1-7223-4F0E-9612-0879FF778F39}.Release|x86.ActiveCfg = Release|Any CPU
		{68A46FB1-7223-4F0E-9612-0879FF778F39}.Release|x86.Build.0 = Release|Any CPU
		{68A46FB1-7223-4F0E-9612-0879FF778F39}.Release|x86.Deploy.0 = Release|Any CPU
		{52DC34FB-1202-49E2-B2A2-B8C1DD716647}.Ad-Hoc|Any CPU.ActiveCfg = Ad-Hoc|iPhone
		{52DC34FB-1202-49E2-B2A2-B8C1DD716647}.Ad-Hoc|ARM.ActiveCfg = Ad-Hoc|iPhone
		{52DC34FB-1202-49E2-B2A2-B8C1DD716647}.Ad-Hoc|iPhone.ActiveCfg = Ad-Hoc|iPhone
		{52DC34FB-1202-49E2-B2A2-B8C1DD716647}.Ad-Hoc|iPhone.Build.0 = Ad-Hoc|iPhone
		{52DC34FB-1202-49E2-B2A2-B8C1DD716647}.Ad-Hoc|iPhoneSimulator.ActiveCfg = Ad-Hoc|iPhoneSimulator
		{52DC34FB-1202-49E2-B2A2-B8C1DD716647}.Ad-Hoc|iPhoneSimulator.Build.0 = Ad-Hoc|iPhoneSimulator
		{52DC34FB-1202-49E2-B2A2-B8C1DD716647}.Ad-Hoc|x64.ActiveCfg = Ad-Hoc|iPhone
		{52DC34FB-1202-49E2-B2A2-B8C1DD716647}.Ad-Hoc|x86.ActiveCfg = Ad-Hoc|iPhone
		{52DC34FB-1202-49E2-B2A2-B8C1DD716647}.AppStore|Any CPU.ActiveCfg = AppStore|iPhone
		{52DC34FB-1202-49E2-B2A2-B8C1DD716647}.AppStore|ARM.ActiveCfg = AppStore|iPhone
		{52DC34FB-1202-49E2-B2A2-B8C1DD716647}.AppStore|iPhone.ActiveCfg = AppStore|iPhone
		{52DC34FB-1202-49E2-B2A2-B8C1DD716647}.AppStore|iPhone.Build.0 = AppStore|iPhone
		{52DC34FB-1202-49E2-B2A2-B8C1DD716647}.AppStore|iPhoneSimulator.ActiveCfg = AppStore|iPhoneSimulator
		{52DC34FB-1202-49E2-B2A2-B8C1DD716647}.AppStore|iPhoneSimulator.Build.0 = AppStore|iPhoneSimulator
		{52DC34FB-1202-49E2-B2A2-B8C1DD716647}.AppStore|x64.ActiveCfg = AppStore|iPhone
		{52DC34FB-1202-49E2-B2A2-B8C1DD716647}.AppStore|x86.ActiveCfg = AppStore|iPhone
		{52DC34FB-1202-49E2-B2A2-B8C1DD716647}.Debug|Any CPU.ActiveCfg = Debug|iPhone
		{52DC34FB-1202-49E2-B2A2-B8C1DD716647}.Debug|ARM.ActiveCfg = Debug|iPhone
		{52DC34FB-1202-49E2-B2A2-B8C1DD716647}.Debug|iPhone.ActiveCfg = Debug|iPhone
		{52DC34FB-1202-49E2-B2A2-B8C1DD716647}.Debug|iPhone.Build.0 = Debug|iPhone
		{52DC34FB-1202-49E2-B2A2-B8C1DD716647}.Debug|iPhoneSimulator.ActiveCfg = Debug|iPhoneSimulator
		{52DC34FB-1202-49E2-B2A2-B8C1DD716647}.Debug|iPhoneSimulator.Build.0 = Debug|iPhoneSimulator
		{52DC34FB-1202-49E2-B2A2-B8C1DD716647}.Debug|x64.ActiveCfg = Debug|iPhone
		{52DC34FB-1202-49E2-B2A2-B8C1DD716647}.Debug|x86.ActiveCfg = Debug|iPhone
		{52DC34FB-1202-49E2-B2A2-B8C1DD716647}.Release|Any CPU.ActiveCfg = Release|iPhone
		{52DC34FB-1202-49E2-B2A2-B8C1DD716647}.Release|ARM.ActiveCfg = Release|iPhone
		{52DC34FB-1202-49E2-B2A2-B8C1DD716647}.Release|iPhone.ActiveCfg = Release|iPhone
		{52DC34FB-1202-49E2-B2A2-B8C1DD716647}.Release|iPhone.Build.0 = Release|iPhone
		{52DC34FB-1202-49E2-B2A2-B8C1DD716647}.Release|iPhoneSimulator.ActiveCfg = Release|iPhoneSimulator
		{52DC34FB-1202-49E2-B2A2-B8C1DD716647}.Release|iPhoneSimulator.Build.0 = Release|iPhoneSimulator
		{52DC34FB-1202-49E2-B2A2-B8C1DD716647}.Release|x64.ActiveCfg = Release|iPhone
		{52DC34FB-1202-49E2-B2A2-B8C1DD716647}.Release|x86.ActiveCfg = Release|iPhone
		{F1B8CE82-ED74-440C-91D0-26D718D9654E}.Ad-Hoc|Any CPU.ActiveCfg = Release|Any CPU
		{F1B8CE82-ED74-440C-91D0-26D718D9654E}.Ad-Hoc|Any CPU.Build.0 = Release|Any CPU
		{F1B8CE82-ED74-440C-91D0-26D718D9654E}.Ad-Hoc|Any CPU.Deploy.0 = Release|Any CPU
		{F1B8CE82-ED74-440C-91D0-26D718D9654E}.Ad-Hoc|ARM.ActiveCfg = Release|ARM
		{F1B8CE82-ED74-440C-91D0-26D718D9654E}.Ad-Hoc|ARM.Build.0 = Release|ARM
		{F1B8CE82-ED74-440C-91D0-26D718D9654E}.Ad-Hoc|ARM.Deploy.0 = Release|ARM
		{F1B8CE82-ED74-440C-91D0-26D718D9654E}.Ad-Hoc|iPhone.ActiveCfg = Release|Any CPU
		{F1B8CE82-ED74-440C-91D0-26D718D9654E}.Ad-Hoc|iPhone.Build.0 = Release|Any CPU
		{F1B8CE82-ED74-440C-91D0-26D718D9654E}.Ad-Hoc|iPhone.Deploy.0 = Release|Any CPU
		{F1B8CE82-ED74-440C-91D0-26D718D9654E}.Ad-Hoc|iPhoneSimulator.ActiveCfg = Release|Any CPU
		{F1B8CE82-ED74-440C-91D0-26D718D9654E}.Ad-Hoc|iPhoneSimulator.Build.0 = Release|Any CPU
		{F1B8CE82-ED74-440C-91D0-26D718D9654E}.Ad-Hoc|iPhoneSimulator.Deploy.0 = Release|Any CPU
		{F1B8CE82-ED74-440C-91D0-26D718D9654E}.Ad-Hoc|x64.ActiveCfg = Release|Any CPU
		{F1B8CE82-ED74-440C-91D0-26D718D9654E}.Ad-Hoc|x64.Build.0 = Release|Any CPU
		{F1B8CE82-ED74-440C-91D0-26D718D9654E}.Ad-Hoc|x64.Deploy.0 = Release|Any CPU
		{F1B8CE82-ED74-440C-91D0-26D718D9654E}.Ad-Hoc|x86.ActiveCfg = Release|x86
		{F1B8CE82-ED74-440C-91D0-26D718D9654E}.Ad-Hoc|x86.Build.0 = Release|x86
		{F1B8CE82-ED74-440C-91D0-26D718D9654E}.Ad-Hoc|x86.Deploy.0 = Release|x86
		{F1B8CE82-ED74-440C-91D0-26D718D9654E}.AppStore|Any CPU.ActiveCfg = Release|Any CPU
		{F1B8CE82-ED74-440C-91D0-26D718D9654E}.AppStore|Any CPU.Build.0 = Release|Any CPU
		{F1B8CE82-ED74-440C-91D0-26D718D9654E}.AppStore|Any CPU.Deploy.0 = Release|Any CPU
		{F1B8CE82-ED74-440C-91D0-26D718D9654E}.AppStore|ARM.ActiveCfg = Release|ARM
		{F1B8CE82-ED74-440C-91D0-26D718D9654E}.AppStore|ARM.Build.0 = Release|ARM
		{F1B8CE82-ED74-440C-91D0-26D718D9654E}.AppStore|ARM.Deploy.0 = Release|ARM
		{F1B8CE82-ED74-440C-91D0-26D718D9654E}.AppStore|iPhone.ActiveCfg = Release|Any CPU
		{F1B8CE82-ED74-440C-91D0-26D718D9654E}.AppStore|iPhone.Build.0 = Release|Any CPU
		{F1B8CE82-ED74-440C-91D0-26D718D9654E}.AppStore|iPhone.Deploy.0 = Release|Any CPU
		{F1B8CE82-ED74-440C-91D0-26D718D9654E}.AppStore|iPhoneSimulator.ActiveCfg = Release|Any CPU
		{F1B8CE82-ED74-440C-91D0-26D718D9654E}.AppStore|iPhoneSimulator.Build.0 = Release|Any CPU
		{F1B8CE82-ED74-440C-91D0-26D718D9654E}.AppStore|iPhoneSimulator.Deploy.0 = Release|Any CPU
		{F1B8CE82-ED74-440C-91D0-26D718D9654E}.AppStore|x64.ActiveCfg = Release|Any CPU
		{F1B8CE82-ED74-440C-91D0-26D718D9654E}.AppStore|x64.Build.0 = Release|Any CPU
		{F1B8CE82-ED74-440C-91D0-26D718D9654E}.AppStore|x64.Deploy.0 = Release|Any CPU
		{F1B8CE82-ED74-440C-91D0-26D718D9654E}.AppStore|x86.ActiveCfg = Release|x86
		{F1B8CE82-ED74-440C-91D0-26D718D9654E}.AppStore|x86.Build.0 = Release|x86
		{F1B8CE82-ED74-440C-91D0-26D718D9654E}.AppStore|x86.Deploy.0 = Release|x86
		{F1B8CE82-ED74-440C-91D0-26D718D9654E}.Debug|Any CPU.ActiveCfg = Debug|Any CPU
		{F1B8CE82-ED74-440C-91D0-26D718D9654E}.Debug|Any CPU.Build.0 = Debug|Any CPU
		{F1B8CE82-ED74-440C-91D0-26D718D9654E}.Debug|Any CPU.Deploy.0 = Debug|Any CPU
		{F1B8CE82-ED74-440C-91D0-26D718D9654E}.Debug|ARM.ActiveCfg = Debug|ARM
		{F1B8CE82-ED74-440C-91D0-26D718D9654E}.Debug|ARM.Build.0 = Debug|ARM
		{F1B8CE82-ED74-440C-91D0-26D718D9654E}.Debug|ARM.Deploy.0 = Debug|ARM
		{F1B8CE82-ED74-440C-91D0-26D718D9654E}.Debug|iPhone.ActiveCfg = Debug|Any CPU
		{F1B8CE82-ED74-440C-91D0-26D718D9654E}.Debug|iPhone.Build.0 = Debug|Any CPU
		{F1B8CE82-ED74-440C-91D0-26D718D9654E}.Debug|iPhone.Deploy.0 = Debug|Any CPU
		{F1B8CE82-ED74-440C-91D0-26D718D9654E}.Debug|iPhoneSimulator.ActiveCfg = Debug|Any CPU
		{F1B8CE82-ED74-440C-91D0-26D718D9654E}.Debug|iPhoneSimulator.Build.0 = Debug|Any CPU
		{F1B8CE82-ED74-440C-91D0-26D718D9654E}.Debug|iPhoneSimulator.Deploy.0 = Debug|Any CPU
		{F1B8CE82-ED74-440C-91D0-26D718D9654E}.Debug|x64.ActiveCfg = Debug|Any CPU
		{F1B8CE82-ED74-440C-91D0-26D718D9654E}.Debug|x64.Build.0 = Debug|Any CPU
		{F1B8CE82-ED74-440C-91D0-26D718D9654E}.Debug|x64.Deploy.0 = Debug|Any CPU
		{F1B8CE82-ED74-440C-91D0-26D718D9654E}.Debug|x86.ActiveCfg = Debug|x86
		{F1B8CE82-ED74-440C-91D0-26D718D9654E}.Debug|x86.Build.0 = Debug|x86
		{F1B8CE82-ED74-440C-91D0-26D718D9654E}.Debug|x86.Deploy.0 = Debug|x86
		{F1B8CE82-ED74-440C-91D0-26D718D9654E}.Release|Any CPU.ActiveCfg = Release|Any CPU
		{F1B8CE82-ED74-440C-91D0-26D718D9654E}.Release|Any CPU.Build.0 = Release|Any CPU
		{F1B8CE82-ED74-440C-91D0-26D718D9654E}.Release|Any CPU.Deploy.0 = Release|Any CPU
		{F1B8CE82-ED74-440C-91D0-26D718D9654E}.Release|ARM.ActiveCfg = Release|ARM
		{F1B8CE82-ED74-440C-91D0-26D718D9654E}.Release|ARM.Build.0 = Release|ARM
		{F1B8CE82-ED74-440C-91D0-26D718D9654E}.Release|ARM.Deploy.0 = Release|ARM
		{F1B8CE82-ED74-440C-91D0-26D718D9654E}.Release|iPhone.ActiveCfg = Release|Any CPU
		{F1B8CE82-ED74-440C-91D0-26D718D9654E}.Release|iPhone.Build.0 = Release|Any CPU
		{F1B8CE82-ED74-440C-91D0-26D718D9654E}.Release|iPhone.Deploy.0 = Release|Any CPU
		{F1B8CE82-ED74-440C-91D0-26D718D9654E}.Release|iPhoneSimulator.ActiveCfg = Release|Any CPU
		{F1B8CE82-ED74-440C-91D0-26D718D9654E}.Release|iPhoneSimulator.Build.0 = Release|Any CPU
		{F1B8CE82-ED74-440C-91D0-26D718D9654E}.Release|iPhoneSimulator.Deploy.0 = Release|Any CPU
		{F1B8CE82-ED74-440C-91D0-26D718D9654E}.Release|x64.ActiveCfg = Release|Any CPU
		{F1B8CE82-ED74-440C-91D0-26D718D9654E}.Release|x64.Build.0 = Release|Any CPU
		{F1B8CE82-ED74-440C-91D0-26D718D9654E}.Release|x64.Deploy.0 = Release|Any CPU
		{F1B8CE82-ED74-440C-91D0-26D718D9654E}.Release|x86.ActiveCfg = Release|x86
		{F1B8CE82-ED74-440C-91D0-26D718D9654E}.Release|x86.Build.0 = Release|x86
		{F1B8CE82-ED74-440C-91D0-26D718D9654E}.Release|x86.Deploy.0 = Release|x86
		{1AAF24A1-4297-4C8E-9747-A76C9888F5DD}.Ad-Hoc|Any CPU.ActiveCfg = Release|x86
		{1AAF24A1-4297-4C8E-9747-A76C9888F5DD}.Ad-Hoc|Any CPU.Build.0 = Release|x86
		{1AAF24A1-4297-4C8E-9747-A76C9888F5DD}.Ad-Hoc|Any CPU.Deploy.0 = Release|x86
		{1AAF24A1-4297-4C8E-9747-A76C9888F5DD}.Ad-Hoc|ARM.ActiveCfg = Release|ARM
		{1AAF24A1-4297-4C8E-9747-A76C9888F5DD}.Ad-Hoc|ARM.Build.0 = Release|ARM
		{1AAF24A1-4297-4C8E-9747-A76C9888F5DD}.Ad-Hoc|ARM.Deploy.0 = Release|ARM
		{1AAF24A1-4297-4C8E-9747-A76C9888F5DD}.Ad-Hoc|iPhone.ActiveCfg = Release|x86
		{1AAF24A1-4297-4C8E-9747-A76C9888F5DD}.Ad-Hoc|iPhone.Build.0 = Release|x86
		{1AAF24A1-4297-4C8E-9747-A76C9888F5DD}.Ad-Hoc|iPhone.Deploy.0 = Release|x86
		{1AAF24A1-4297-4C8E-9747-A76C9888F5DD}.Ad-Hoc|iPhoneSimulator.ActiveCfg = Release|x86
		{1AAF24A1-4297-4C8E-9747-A76C9888F5DD}.Ad-Hoc|iPhoneSimulator.Build.0 = Release|x86
		{1AAF24A1-4297-4C8E-9747-A76C9888F5DD}.Ad-Hoc|iPhoneSimulator.Deploy.0 = Release|x86
		{1AAF24A1-4297-4C8E-9747-A76C9888F5DD}.Ad-Hoc|x64.ActiveCfg = Release|x64
		{1AAF24A1-4297-4C8E-9747-A76C9888F5DD}.Ad-Hoc|x64.Build.0 = Release|x64
		{1AAF24A1-4297-4C8E-9747-A76C9888F5DD}.Ad-Hoc|x64.Deploy.0 = Release|x64
		{1AAF24A1-4297-4C8E-9747-A76C9888F5DD}.Ad-Hoc|x86.ActiveCfg = Release|x86
		{1AAF24A1-4297-4C8E-9747-A76C9888F5DD}.Ad-Hoc|x86.Build.0 = Release|x86
		{1AAF24A1-4297-4C8E-9747-A76C9888F5DD}.Ad-Hoc|x86.Deploy.0 = Release|x86
		{1AAF24A1-4297-4C8E-9747-A76C9888F5DD}.AppStore|Any CPU.ActiveCfg = Release|x86
		{1AAF24A1-4297-4C8E-9747-A76C9888F5DD}.AppStore|Any CPU.Build.0 = Release|x86
		{1AAF24A1-4297-4C8E-9747-A76C9888F5DD}.AppStore|Any CPU.Deploy.0 = Release|x86
		{1AAF24A1-4297-4C8E-9747-A76C9888F5DD}.AppStore|ARM.ActiveCfg = Release|ARM
		{1AAF24A1-4297-4C8E-9747-A76C9888F5DD}.AppStore|ARM.Build.0 = Release|ARM
		{1AAF24A1-4297-4C8E-9747-A76C9888F5DD}.AppStore|ARM.Deploy.0 = Release|ARM
		{1AAF24A1-4297-4C8E-9747-A76C9888F5DD}.AppStore|iPhone.ActiveCfg = Release|x86
		{1AAF24A1-4297-4C8E-9747-A76C9888F5DD}.AppStore|iPhone.Build.0 = Release|x86
		{1AAF24A1-4297-4C8E-9747-A76C9888F5DD}.AppStore|iPhone.Deploy.0 = Release|x86
		{1AAF24A1-4297-4C8E-9747-A76C9888F5DD}.AppStore|iPhoneSimulator.ActiveCfg = Release|x86
		{1AAF24A1-4297-4C8E-9747-A76C9888F5DD}.AppStore|iPhoneSimulator.Build.0 = Release|x86
		{1AAF24A1-4297-4C8E-9747-A76C9888F5DD}.AppStore|iPhoneSimulator.Deploy.0 = Release|x86
		{1AAF24A1-4297-4C8E-9747-A76C9888F5DD}.AppStore|x64.ActiveCfg = Release|x64
		{1AAF24A1-4297-4C8E-9747-A76C9888F5DD}.AppStore|x64.Build.0 = Release|x64
		{1AAF24A1-4297-4C8E-9747-A76C9888F5DD}.AppStore|x64.Deploy.0 = Release|x64
		{1AAF24A1-4297-4C8E-9747-A76C9888F5DD}.AppStore|x86.ActiveCfg = Release|x86
		{1AAF24A1-4297-4C8E-9747-A76C9888F5DD}.AppStore|x86.Build.0 = Release|x86
		{1AAF24A1-4297-4C8E-9747-A76C9888F5DD}.AppStore|x86.Deploy.0 = Release|x86
		{1AAF24A1-4297-4C8E-9747-A76C9888F5DD}.Debug|Any CPU.ActiveCfg = Debug|x86
		{1AAF24A1-4297-4C8E-9747-A76C9888F5DD}.Debug|ARM.ActiveCfg = Debug|ARM
		{1AAF24A1-4297-4C8E-9747-A76C9888F5DD}.Debug|ARM.Build.0 = Debug|ARM
		{1AAF24A1-4297-4C8E-9747-A76C9888F5DD}.Debug|ARM.Deploy.0 = Debug|ARM
		{1AAF24A1-4297-4C8E-9747-A76C9888F5DD}.Debug|iPhone.ActiveCfg = Debug|x86
		{1AAF24A1-4297-4C8E-9747-A76C9888F5DD}.Debug|iPhoneSimulator.ActiveCfg = Debug|x86
		{1AAF24A1-4297-4C8E-9747-A76C9888F5DD}.Debug|x64.ActiveCfg = Debug|x64
		{1AAF24A1-4297-4C8E-9747-A76C9888F5DD}.Debug|x64.Build.0 = Debug|x64
		{1AAF24A1-4297-4C8E-9747-A76C9888F5DD}.Debug|x64.Deploy.0 = Debug|x64
		{1AAF24A1-4297-4C8E-9747-A76C9888F5DD}.Debug|x86.ActiveCfg = Debug|x86
		{1AAF24A1-4297-4C8E-9747-A76C9888F5DD}.Debug|x86.Build.0 = Debug|x86
		{1AAF24A1-4297-4C8E-9747-A76C9888F5DD}.Debug|x86.Deploy.0 = Debug|x86
		{1AAF24A1-4297-4C8E-9747-A76C9888F5DD}.Release|Any CPU.ActiveCfg = Release|x86
		{1AAF24A1-4297-4C8E-9747-A76C9888F5DD}.Release|ARM.ActiveCfg = Release|ARM
		{1AAF24A1-4297-4C8E-9747-A76C9888F5DD}.Release|ARM.Build.0 = Release|ARM
		{1AAF24A1-4297-4C8E-9747-A76C9888F5DD}.Release|ARM.Deploy.0 = Release|ARM
		{1AAF24A1-4297-4C8E-9747-A76C9888F5DD}.Release|iPhone.ActiveCfg = Release|x86
		{1AAF24A1-4297-4C8E-9747-A76C9888F5DD}.Release|iPhoneSimulator.ActiveCfg = Release|x86
		{1AAF24A1-4297-4C8E-9747-A76C9888F5DD}.Release|x64.ActiveCfg = Release|x64
		{1AAF24A1-4297-4C8E-9747-A76C9888F5DD}.Release|x64.Build.0 = Release|x64
		{1AAF24A1-4297-4C8E-9747-A76C9888F5DD}.Release|x64.Deploy.0 = Release|x64
		{1AAF24A1-4297-4C8E-9747-A76C9888F5DD}.Release|x86.ActiveCfg = Release|x86
		{1AAF24A1-4297-4C8E-9747-A76C9888F5DD}.Release|x86.Build.0 = Release|x86
		{1AAF24A1-4297-4C8E-9747-A76C9888F5DD}.Release|x86.Deploy.0 = Release|x86
		{815141E8-E1A6-4E3D-B482-E335BEBA1287}.Ad-Hoc|Any CPU.ActiveCfg = Release|Any CPU
		{815141E8-E1A6-4E3D-B482-E335BEBA1287}.Ad-Hoc|Any CPU.Build.0 = Release|Any CPU
		{815141E8-E1A6-4E3D-B482-E335BEBA1287}.Ad-Hoc|Any CPU.Deploy.0 = Release|Any CPU
		{815141E8-E1A6-4E3D-B482-E335BEBA1287}.Ad-Hoc|ARM.ActiveCfg = Release|ARM
		{815141E8-E1A6-4E3D-B482-E335BEBA1287}.Ad-Hoc|ARM.Build.0 = Release|ARM
		{815141E8-E1A6-4E3D-B482-E335BEBA1287}.Ad-Hoc|ARM.Deploy.0 = Release|ARM
		{815141E8-E1A6-4E3D-B482-E335BEBA1287}.Ad-Hoc|iPhone.ActiveCfg = Release|Any CPU
		{815141E8-E1A6-4E3D-B482-E335BEBA1287}.Ad-Hoc|iPhone.Build.0 = Release|Any CPU
		{815141E8-E1A6-4E3D-B482-E335BEBA1287}.Ad-Hoc|iPhone.Deploy.0 = Release|Any CPU
		{815141E8-E1A6-4E3D-B482-E335BEBA1287}.Ad-Hoc|iPhoneSimulator.ActiveCfg = Release|Any CPU
		{815141E8-E1A6-4E3D-B482-E335BEBA1287}.Ad-Hoc|iPhoneSimulator.Build.0 = Release|Any CPU
		{815141E8-E1A6-4E3D-B482-E335BEBA1287}.Ad-Hoc|iPhoneSimulator.Deploy.0 = Release|Any CPU
		{815141E8-E1A6-4E3D-B482-E335BEBA1287}.Ad-Hoc|x64.ActiveCfg = Release|x64
		{815141E8-E1A6-4E3D-B482-E335BEBA1287}.Ad-Hoc|x64.Build.0 = Release|x64
		{815141E8-E1A6-4E3D-B482-E335BEBA1287}.Ad-Hoc|x64.Deploy.0 = Release|x64
		{815141E8-E1A6-4E3D-B482-E335BEBA1287}.Ad-Hoc|x86.ActiveCfg = Release|x86
		{815141E8-E1A6-4E3D-B482-E335BEBA1287}.Ad-Hoc|x86.Build.0 = Release|x86
		{815141E8-E1A6-4E3D-B482-E335BEBA1287}.Ad-Hoc|x86.Deploy.0 = Release|x86
		{815141E8-E1A6-4E3D-B482-E335BEBA1287}.AppStore|Any CPU.ActiveCfg = Release|Any CPU
		{815141E8-E1A6-4E3D-B482-E335BEBA1287}.AppStore|Any CPU.Build.0 = Release|Any CPU
		{815141E8-E1A6-4E3D-B482-E335BEBA1287}.AppStore|Any CPU.Deploy.0 = Release|Any CPU
		{815141E8-E1A6-4E3D-B482-E335BEBA1287}.AppStore|ARM.ActiveCfg = Release|ARM
		{815141E8-E1A6-4E3D-B482-E335BEBA1287}.AppStore|ARM.Build.0 = Release|ARM
		{815141E8-E1A6-4E3D-B482-E335BEBA1287}.AppStore|ARM.Deploy.0 = Release|ARM
		{815141E8-E1A6-4E3D-B482-E335BEBA1287}.AppStore|iPhone.ActiveCfg = Release|Any CPU
		{815141E8-E1A6-4E3D-B482-E335BEBA1287}.AppStore|iPhone.Build.0 = Release|Any CPU
		{815141E8-E1A6-4E3D-B482-E335BEBA1287}.AppStore|iPhone.Deploy.0 = Release|Any CPU
		{815141E8-E1A6-4E3D-B482-E335BEBA1287}.AppStore|iPhoneSimulator.ActiveCfg = Release|Any CPU
		{815141E8-E1A6-4E3D-B482-E335BEBA1287}.AppStore|iPhoneSimulator.Build.0 = Release|Any CPU
		{815141E8-E1A6-4E3D-B482-E335BEBA1287}.AppStore|iPhoneSimulator.Deploy.0 = Release|Any CPU
		{815141E8-E1A6-4E3D-B482-E335BEBA1287}.AppStore|x64.ActiveCfg = Release|x64
		{815141E8-E1A6-4E3D-B482-E335BEBA1287}.AppStore|x64.Build.0 = Release|x64
		{815141E8-E1A6-4E3D-B482-E335BEBA1287}.AppStore|x64.Deploy.0 = Release|x64
		{815141E8-E1A6-4E3D-B482-E335BEBA1287}.AppStore|x86.ActiveCfg = Release|x86
		{815141E8-E1A6-4E3D-B482-E335BEBA1287}.AppStore|x86.Build.0 = Release|x86
		{815141E8-E1A6-4E3D-B482-E335BEBA1287}.AppStore|x86.Deploy.0 = Release|x86
		{815141E8-E1A6-4E3D-B482-E335BEBA1287}.Debug|Any CPU.ActiveCfg = Debug|Any CPU
		{815141E8-E1A6-4E3D-B482-E335BEBA1287}.Debug|Any CPU.Build.0 = Debug|Any CPU
		{815141E8-E1A6-4E3D-B482-E335BEBA1287}.Debug|Any CPU.Deploy.0 = Debug|Any CPU
		{815141E8-E1A6-4E3D-B482-E335BEBA1287}.Debug|ARM.ActiveCfg = Debug|ARM
		{815141E8-E1A6-4E3D-B482-E335BEBA1287}.Debug|ARM.Build.0 = Debug|ARM
		{815141E8-E1A6-4E3D-B482-E335BEBA1287}.Debug|ARM.Deploy.0 = Debug|ARM
		{815141E8-E1A6-4E3D-B482-E335BEBA1287}.Debug|iPhone.ActiveCfg = Debug|Any CPU
		{815141E8-E1A6-4E3D-B482-E335BEBA1287}.Debug|iPhone.Build.0 = Debug|Any CPU
		{815141E8-E1A6-4E3D-B482-E335BEBA1287}.Debug|iPhone.Deploy.0 = Debug|Any CPU
		{815141E8-E1A6-4E3D-B482-E335BEBA1287}.Debug|iPhoneSimulator.ActiveCfg = Debug|Any CPU
		{815141E8-E1A6-4E3D-B482-E335BEBA1287}.Debug|iPhoneSimulator.Build.0 = Debug|Any CPU
		{815141E8-E1A6-4E3D-B482-E335BEBA1287}.Debug|iPhoneSimulator.Deploy.0 = Debug|Any CPU
		{815141E8-E1A6-4E3D-B482-E335BEBA1287}.Debug|x64.ActiveCfg = Debug|x64
		{815141E8-E1A6-4E3D-B482-E335BEBA1287}.Debug|x64.Build.0 = Debug|x64
		{815141E8-E1A6-4E3D-B482-E335BEBA1287}.Debug|x64.Deploy.0 = Debug|x64
		{815141E8-E1A6-4E3D-B482-E335BEBA1287}.Debug|x86.ActiveCfg = Debug|x86
		{815141E8-E1A6-4E3D-B482-E335BEBA1287}.Debug|x86.Build.0 = Debug|x86
		{815141E8-E1A6-4E3D-B482-E335BEBA1287}.Debug|x86.Deploy.0 = Debug|x86
		{815141E8-E1A6-4E3D-B482-E335BEBA1287}.Release|Any CPU.ActiveCfg = Release|Any CPU
		{815141E8-E1A6-4E3D-B482-E335BEBA1287}.Release|Any CPU.Build.0 = Release|Any CPU
		{815141E8-E1A6-4E3D-B482-E335BEBA1287}.Release|Any CPU.Deploy.0 = Release|Any CPU
		{815141E8-E1A6-4E3D-B482-E335BEBA1287}.Release|ARM.ActiveCfg = Release|ARM
		{815141E8-E1A6-4E3D-B482-E335BEBA1287}.Release|ARM.Build.0 = Release|ARM
		{815141E8-E1A6-4E3D-B482-E335BEBA1287}.Release|ARM.Deploy.0 = Release|ARM
		{815141E8-E1A6-4E3D-B482-E335BEBA1287}.Release|iPhone.ActiveCfg = Release|Any CPU
		{815141E8-E1A6-4E3D-B482-E335BEBA1287}.Release|iPhone.Build.0 = Release|Any CPU
		{815141E8-E1A6-4E3D-B482-E335BEBA1287}.Release|iPhone.Deploy.0 = Release|Any CPU
		{815141E8-E1A6-4E3D-B482-E335BEBA1287}.Release|iPhoneSimulator.ActiveCfg = Release|Any CPU
		{815141E8-E1A6-4E3D-B482-E335BEBA1287}.Release|iPhoneSimulator.Build.0 = Release|Any CPU
		{815141E8-E1A6-4E3D-B482-E335BEBA1287}.Release|iPhoneSimulator.Deploy.0 = Release|Any CPU
		{815141E8-E1A6-4E3D-B482-E335BEBA1287}.Release|x64.ActiveCfg = Release|x64
		{815141E8-E1A6-4E3D-B482-E335BEBA1287}.Release|x64.Build.0 = Release|x64
		{815141E8-E1A6-4E3D-B482-E335BEBA1287}.Release|x64.Deploy.0 = Release|x64
		{815141E8-E1A6-4E3D-B482-E335BEBA1287}.Release|x86.ActiveCfg = Release|x86
		{815141E8-E1A6-4E3D-B482-E335BEBA1287}.Release|x86.Build.0 = Release|x86
		{815141E8-E1A6-4E3D-B482-E335BEBA1287}.Release|x86.Deploy.0 = Release|x86
	EndGlobalSection
	GlobalSection(SolutionProperties) = preSolution
		HideSolutionNode = FALSE
	EndGlobalSection
EndGlobal
